
Microsoft Visual Studio Solution File, Format Version 12.00
# Visual Studio Version 16
VisualStudioVersion = 16.0.30517.126
MinimumVisualStudioVersion = 10.0.40219.1
Project("{FAE04EC0-301F-11D3-BF4B-00C04F79EFBC}") = "BookShop", "BookShop\BookShop.csproj", "{09E0CB92-940F-4080-A8F7-6A6D6BA059DA}"
EndProject
Global
	GlobalSection(SolutionConfigurationPlatforms) = preSolution
		Debug|Any CPU = Debug|Any CPU
		Release|Any CPU = Release|Any CPU
	EndGlobalSection
	GlobalSection(ProjectConfigurationPlatforms) = postSolution
		{09E0CB92-940F-4080-A8F7-6A6D6BA059DA}.Debug|Any CPU.ActiveCfg = Debug|Any CPU
		{09E0CB92-940F-4080-A8F7-6A6D6BA059DA}.Debug|Any CPU.Build.0 = Debug|Any CPU
		{09E0CB92-940F-4080-A8F7-6A6D6BA059DA}.Release|Any CPU.ActiveCfg = Release|Any CPU
		{09E0CB92-940F-4080-A8F7-6A6D6BA059DA}.Release|Any CPU.Build.0 = Release|Any CPU
	EndGlobalSection
	GlobalSection(SolutionProperties) = preSolution
		HideSolutionNode = FALSE
	EndGlobalSection
	GlobalSection(ExtensibilityGlobals) = postSolution
		SolutionGuid = {A8F7737F-FB0D-499C-87B4-D7BF7085C39D}
	EndGlobalSection
EndGlobal
